// !$*UTF8*$!
{
	archiveVersion = 1;
	classes = {
	};
	objectVersion = 46;
	objects = {

/* Begin PBXBuildFile section */
		1290595365096183663B6417 /* libPods-divide-ios.a in Frameworks */ = {isa = PBXBuildFile; fileRef = B270A6FAEC8FB26CD825829B /* libPods-divide-ios.a */; };
		414D086F1CF0F80000D452AA /* main.m in Sources */ = {isa = PBXBuildFile; fileRef = 414D086E1CF0F80000D452AA /* main.m */; };
		414D08721CF0F80000D452AA /* AppDelegate.m in Sources */ = {isa = PBXBuildFile; fileRef = 414D08711CF0F80000D452AA /* AppDelegate.m */; };
		414D08751CF0F80000D452AA /* ViewController.m in Sources */ = {isa = PBXBuildFile; fileRef = 414D08741CF0F80000D452AA /* ViewController.m */; };
		414D08781CF0F80000D452AA /* Main.storyboard in Resources */ = {isa = PBXBuildFile; fileRef = 414D08761CF0F80000D452AA /* Main.storyboard */; };
		414D087A1CF0F80000D452AA /* Assets.xcassets in Resources */ = {isa = PBXBuildFile; fileRef = 414D08791CF0F80000D452AA /* Assets.xcassets */; };
		414D087D1CF0F80000D452AA /* LaunchScreen.storyboard in Resources */ = {isa = PBXBuildFile; fileRef = 414D087B1CF0F80000D452AA /* LaunchScreen.storyboard */; };
		414D08891CF2BD0200D452AA /* LocationService.m in Sources */ = {isa = PBXBuildFile; fileRef = 414D08881CF2BD0200D452AA /* LocationService.m */; };
		414D088B1CF3D46100D452AA /* www in Resources */ = {isa = PBXBuildFile; fileRef = 414D088A1CF3D46100D452AA /* www */; };
		41A036241CF90E4B00492C19 /* Profile.mustache in Resources */ = {isa = PBXBuildFile; fileRef = 41A036231CF90E4B00492C19 /* Profile.mustache */; };
/* End PBXBuildFile section */

/* Begin PBXFileReference section */
		00C6034EEE66EC3AC8E7FD90 /* Pods-divide-ios.release.xcconfig */ = {isa = PBXFileReference; includeInIndex = 1; lastKnownFileType = text.xcconfig; name = "Pods-divide-ios.release.xcconfig"; path = "Pods/Target Support Files/Pods-divide-ios/Pods-divide-ios.release.xcconfig"; sourceTree = "<group>"; };
		414D086A1CF0F80000D452AA /* divide-ios.app */ = {isa = PBXFileReference; explicitFileType = wrapper.application; includeInIndex = 0; path = "divide-ios.app"; sourceTree = BUILT_PRODUCTS_DIR; };
		414D086E1CF0F80000D452AA /* main.m */ = {isa = PBXFileReference; lastKnownFileType = sourcecode.c.objc; path = main.m; sourceTree = "<group>"; };
		414D08701CF0F80000D452AA /* AppDelegate.h */ = {isa = PBXFileReference; lastKnownFileType = sourcecode.c.h; path = AppDelegate.h; sourceTree = "<group>"; };
		414D08711CF0F80000D452AA /* AppDelegate.m */ = {isa = PBXFileReference; lastKnownFileType = sourcecode.c.objc; path = AppDelegate.m; sourceTree = "<group>"; };
		414D08731CF0F80000D452AA /* ViewController.h */ = {isa = PBXFileReference; lastKnownFileType = sourcecode.c.h; path = ViewController.h; sourceTree = "<group>"; };
		414D08741CF0F80000D452AA /* ViewController.m */ = {isa = PBXFileReference; lastKnownFileType = sourcecode.c.objc; path = ViewController.m; sourceTree = "<group>"; };
		414D08771CF0F80000D452AA /* Base */ = {isa = PBXFileReference; lastKnownFileType = file.storyboard; name = Base; path = Base.lproj/Main.storyboard; sourceTree = "<group>"; };
		414D08791CF0F80000D452AA /* Assets.xcassets */ = {isa = PBXFileReference; lastKnownFileType = folder.assetcatalog; path = Assets.xcassets; sourceTree = "<group>"; };
		414D087C1CF0F80000D452AA /* Base */ = {isa = PBXFileReference; lastKnownFileType = file.storyboard; name = Base; path = Base.lproj/LaunchScreen.storyboard; sourceTree = "<group>"; };
		414D087E1CF0F80000D452AA /* Info.plist */ = {isa = PBXFileReference; lastKnownFileType = text.plist.xml; path = Info.plist; sourceTree = "<group>"; };
		414D08871CF2BD0200D452AA /* LocationService.h */ = {isa = PBXFileReference; fileEncoding = 4; lastKnownFileType = sourcecode.c.h; name = LocationService.h; path = ../LocationService.h; sourceTree = "<group>"; };
		414D08881CF2BD0200D452AA /* LocationService.m */ = {isa = PBXFileReference; fileEncoding = 4; lastKnownFileType = sourcecode.c.objc; name = LocationService.m; path = ../LocationService.m; sourceTree = "<group>"; };
		414D088A1CF3D46100D452AA /* www */ = {isa = PBXFileReference; lastKnownFileType = folder; name = www; path = ../www; sourceTree = "<group>"; };
		41A036231CF90E4B00492C19 /* Profile.mustache */ = {isa = PBXFileReference; fileEncoding = 4; lastKnownFileType = text; path = Profile.mustache; sourceTree = "<group>"; xcLanguageSpecificationIdentifier = xcode.lang.html; };
		A8FF2294EE749FD3394400CE /* Pods-divide-ios.debug.xcconfig */ = {isa = PBXFileReference; includeInIndex = 1; lastKnownFileType = text.xcconfig; name = "Pods-divide-ios.debug.xcconfig"; path = "Pods/Target Support Files/Pods-divide-ios/Pods-divide-ios.debug.xcconfig"; sourceTree = "<group>"; };
		B270A6FAEC8FB26CD825829B /* libPods-divide-ios.a */ = {isa = PBXFileReference; explicitFileType = archive.ar; includeInIndex = 0; path = "libPods-divide-ios.a"; sourceTree = BUILT_PRODUCTS_DIR; };
/* End PBXFileReference section */

/* Begin PBXFrameworksBuildPhase section */
		414D08671CF0F80000D452AA /* Frameworks */ = {
			isa = PBXFrameworksBuildPhase;
			buildActionMask = 2147483647;
			files = (
				1290595365096183663B6417 /* libPods-divide-ios.a in Frameworks */,
			);
			runOnlyForDeploymentPostprocessing = 0;
		};
/* End PBXFrameworksBuildPhase section */

/* Begin PBXGroup section */
		414D08611CF0F80000D452AA = {
			isa = PBXGroup;
			children = (
				414D086C1CF0F80000D452AA /* divide-ios */,
				414D086B1CF0F80000D452AA /* Products */,
				41A036231CF90E4B00492C19 /* Profile.mustache */,
				414D088A1CF3D46100D452AA /* www */,
				ABBD3BB5A9E08B011C8D5C06 /* Pods */,
				898FC8E2EB74CE8093F7EA3E /* Frameworks */,
			);
			sourceTree = "<group>";
		};
		414D086B1CF0F80000D452AA /* Products */ = {
			isa = PBXGroup;
			children = (
				414D086A1CF0F80000D452AA /* divide-ios.app */,
			);
			name = Products;
			sourceTree = "<group>";
		};
		414D086C1CF0F80000D452AA /* divide-ios */ = {
			isa = PBXGroup;
			children = (
				414D08871CF2BD0200D452AA /* LocationService.h */,
				414D08881CF2BD0200D452AA /* LocationService.m */,
				414D08701CF0F80000D452AA /* AppDelegate.h */,
				414D08711CF0F80000D452AA /* AppDelegate.m */,
				414D08731CF0F80000D452AA /* ViewController.h */,
				414D08741CF0F80000D452AA /* ViewController.m */,
				414D08761CF0F80000D452AA /* Main.storyboard */,
				414D08791CF0F80000D452AA /* Assets.xcassets */,
				414D087B1CF0F80000D452AA /* LaunchScreen.storyboard */,
				414D087E1CF0F80000D452AA /* Info.plist */,
				414D086D1CF0F80000D452AA /* Supporting Files */,
			);
			path = "divide-ios";
			sourceTree = "<group>";
		};
		414D086D1CF0F80000D452AA /* Supporting Files */ = {
			isa = PBXGroup;
			children = (
				414D086E1CF0F80000D452AA /* main.m */,
			);
			name = "Supporting Files";
			sourceTree = "<group>";
		};
		898FC8E2EB74CE8093F7EA3E /* Frameworks */ = {
			isa = PBXGroup;
			children = (
				B270A6FAEC8FB26CD825829B /* libPods-divide-ios.a */,
			);
			name = Frameworks;
			sourceTree = "<group>";
		};
		ABBD3BB5A9E08B011C8D5C06 /* Pods */ = {
			isa = PBXGroup;
			children = (
				A8FF2294EE749FD3394400CE /* Pods-divide-ios.debug.xcconfig */,
				00C6034EEE66EC3AC8E7FD90 /* Pods-divide-ios.release.xcconfig */,
			);
			name = Pods;
			sourceTree = "<group>";
		};
/* End PBXGroup section */

/* Begin PBXNativeTarget section */
		414D08691CF0F80000D452AA /* divide-ios */ = {
			isa = PBXNativeTarget;
			buildConfigurationList = 414D08811CF0F80000D452AA /* Build configuration list for PBXNativeTarget "divide-ios" */;
			buildPhases = (
				73C66B2BC0A06BCFE8656AA6 /* 📦 Check Pods Manifest.lock */,
				414D08661CF0F80000D452AA /* Sources */,
				414D08671CF0F80000D452AA /* Frameworks */,
				414D08681CF0F80000D452AA /* Resources */,
				6BF33F387BDA6C05108C61A1 /* 📦 Embed Pods Frameworks */,
				C5195C12D63C20770C9762AD /* 📦 Copy Pods Resources */,
			);
			buildRules = (
			);
			dependencies = (
			);
			name = "divide-ios";
			productName = "divide-ios";
			productReference = 414D086A1CF0F80000D452AA /* divide-ios.app */;
			productType = "com.apple.product-type.application";
		};
/* End PBXNativeTarget section */

/* Begin PBXProject section */
		414D08621CF0F80000D452AA /* Project object */ = {
			isa = PBXProject;
			attributes = {
				LastUpgradeCheck = 0730;
				ORGANIZATIONNAME = "Arthur Kopatsy";
				TargetAttributes = {
					414D08691CF0F80000D452AA = {
						CreatedOnToolsVersion = 7.3.1;
					};
				};
			};
			buildConfigurationList = 414D08651CF0F80000D452AA /* Build configuration list for PBXProject "divide-ios" */;
			compatibilityVersion = "Xcode 3.2";
			developmentRegion = English;
			hasScannedForEncodings = 0;
			knownRegions = (
				en,
				Base,
			);
			mainGroup = 414D08611CF0F80000D452AA;
			productRefGroup = 414D086B1CF0F80000D452AA /* Products */;
			projectDirPath = "";
			projectRoot = "";
			targets = (
				414D08691CF0F80000D452AA /* divide-ios */,
			);
		};
/* End PBXProject section */

/* Begin PBXResourcesBuildPhase section */
		414D08681CF0F80000D452AA /* Resources */ = {
			isa = PBXResourcesBuildPhase;
			buildActionMask = 2147483647;
			files = (
				414D088B1CF3D46100D452AA /* www in Resources */,
				414D087D1CF0F80000D452AA /* LaunchScreen.storyboard in Resources */,
				414D087A1CF0F80000D452AA /* Assets.xcassets in Resources */,
				414D08781CF0F80000D452AA /* Main.storyboard in Resources */,
				41A036241CF90E4B00492C19 /* Profile.mustache in Resources */,
			);
			runOnlyForDeploymentPostprocessing = 0;
		};
/* End PBXResourcesBuildPhase section */

/* Begin PBXShellScriptBuildPhase section */
		6BF33F387BDA6C05108C61A1 /* 📦 Embed Pods Frameworks */ = {
			isa = PBXShellScriptBuildPhase;
			buildActionMask = 2147483647;
			files = (
			);
			inputPaths = (
			);
			name = "📦 Embed Pods Frameworks";
			outputPaths = (
			);
			runOnlyForDeploymentPostprocessing = 0;
			shellPath = /bin/sh;
			shellScript = "\"${SRCROOT}/Pods/Target Support Files/Pods-divide-ios/Pods-divide-ios-frameworks.sh\"\n";
			showEnvVarsInLog = 0;
		};
		73C66B2BC0A06BCFE8656AA6 /* 📦 Check Pods Manifest.lock */ = {
			isa = PBXShellScriptBuildPhase;
			buildActionMask = 2147483647;
			files = (
			);
			inputPaths = (
			);
			name = "📦 Check Pods Manifest.lock";
			outputPaths = (
			);
			runOnlyForDeploymentPostprocessing = 0;
			shellPath = /bin/sh;
			shellScript = "diff \"${PODS_ROOT}/../Podfile.lock\" \"${PODS_ROOT}/Manifest.lock\" > /dev/null\nif [[ $? != 0 ]] ; then\n    cat << EOM\nerror: The sandbox is not in sync with the Podfile.lock. Run 'pod install' or update your CocoaPods installation.\nEOM\n    exit 1\nfi\n";
			showEnvVarsInLog = 0;
		};
		C5195C12D63C20770C9762AD /* 📦 Copy Pods Resources */ = {
			isa = PBXShellScriptBuildPhase;
			buildActionMask = 2147483647;
			files = (
			);
			inputPaths = (
			);
			name = "📦 Copy Pods Resources";
			outputPaths = (
			);
			runOnlyForDeploymentPostprocessing = 0;
			shellPath = /bin/sh;
			shellScript = "\"${SRCROOT}/Pods/Target Support Files/Pods-divide-ios/Pods-divide-ios-resources.sh\"\n";
			showEnvVarsInLog = 0;
		};
/* End PBXShellScriptBuildPhase section */

/* Begin PBXSourcesBuildPhase section */
		414D08661CF0F80000D452AA /* Sources */ = {
			isa = PBXSourcesBuildPhase;
			buildActionMask = 2147483647;
			files = (
				414D08751CF0F80000D452AA /* ViewController.m in Sources */,
				414D08721CF0F80000D452AA /* AppDelegate.m in Sources */,
				414D08891CF2BD0200D452AA /* LocationService.m in Sources */,
				414D086F1CF0F80000D452AA /* main.m in Sources */,
			);
			runOnlyForDeploymentPostprocessing = 0;
		};
/* End PBXSourcesBuildPhase section */

/* Begin PBXVariantGroup section */
		414D08761CF0F80000D452AA /* Main.storyboard */ = {
			isa = PBXVariantGroup;
			children = (
				414D08771CF0F80000D452AA /* Base */,
			);
			name = Main.storyboard;
			sourceTree = "<group>";
		};
		414D087B1CF0F80000D452AA /* LaunchScreen.storyboard */ = {
			isa = PBXVariantGroup;
			children = (
				414D087C1CF0F80000D452AA /* Base */,
			);
			name = LaunchScreen.storyboard;
			sourceTree = "<group>";
		};
/* End PBXVariantGroup section */

/* Begin XCBuildConfiguration section */
		414D087F1CF0F80000D452AA /* Debug */ = {
			isa = XCBuildConfiguration;
			buildSettings = {
				ALWAYS_SEARCH_USER_PATHS = NO;
				CLANG_ANALYZER_NONNULL = YES;
				CLANG_CXX_LANGUAGE_STANDARD = "gnu++0x";
				CLANG_CXX_LIBRARY = "libc++";
				CLANG_ENABLE_MODULES = YES;
				CLANG_ENABLE_OBJC_ARC = YES;
				CLANG_WARN_BOOL_CONVERSION = YES;
				CLANG_WARN_CONSTANT_CONVERSION = YES;
				CLANG_WARN_DIRECT_OBJC_ISA_USAGE = YES_ERROR;
				CLANG_WARN_EMPTY_BODY = YES;
				CLANG_WARN_ENUM_CONVERSION = YES;
				CLANG_WARN_INT_CONVERSION = YES;
				CLANG_WARN_OBJC_ROOT_CLASS = YES_ERROR;
				CLANG_WARN_UNREACHABLE_CODE = YES;
				CLANG_WARN__DUPLICATE_METHOD_MATCH = YES;
				"CODE_SIGN_IDENTITY[sdk=iphoneos*]" = "iPhone Developer";
				COPY_PHASE_STRIP = NO;
				DEBUG_INFORMATION_FORMAT = dwarf;
				ENABLE_STRICT_OBJC_MSGSEND = YES;
				ENABLE_TESTABILITY = YES;
				GCC_C_LANGUAGE_STANDARD = gnu99;
				GCC_DYNAMIC_NO_PIC = NO;
				GCC_NO_COMMON_BLOCKS = YES;
				GCC_OPTIMIZATION_LEVEL = 0;
				GCC_PREPROCESSOR_DEFINITIONS = (
					"DEBUG=1",
					"$(inherited)",
				);
				GCC_WARN_64_TO_32_BIT_CONVERSION = YES;
				GCC_WARN_ABOUT_RETURN_TYPE = YES_ERROR;
				GCC_WARN_UNDECLARED_SELECTOR = YES;
				GCC_WARN_UNINITIALIZED_AUTOS = YES_AGGRESSIVE;
				GCC_WARN_UNUSED_FUNCTION = YES;
				GCC_WARN_UNUSED_VARIABLE = YES;
				IPHONEOS_DEPLOYMENT_TARGET = 9.3;
				MTL_ENABLE_DEBUG_INFO = YES;
				ONLY_ACTIVE_ARCH = YES;
				SDKROOT = iphoneos;
			};
			name = Debug;
		};
		414D08801CF0F80000D452AA /* Release */ = {
			isa = XCBuildConfiguration;
			buildSettings = {
				ALWAYS_SEARCH_USER_PATHS = NO;
				CLANG_ANALYZER_NONNULL = YES;
				CLANG_CXX_LANGUAGE_STANDARD = "gnu++0x";
				CLANG_CXX_LIBRARY = "libc++";
				CLANG_ENABLE_MODULES = YES;
				CLANG_ENABLE_OBJC_ARC = YES;
				CLANG_WARN_BOOL_CONVERSION = YES;
				CLANG_WARN_CONSTANT_CONVERSION = YES;
				CLANG_WARN_DIRECT_OBJC_ISA_USAGE = YES_ERROR;
				CLANG_WARN_EMPTY_BODY = YES;
				CLANG_WARN_ENUM_CONVERSION = YES;
				CLANG_WARN_INT_CONVERSION = YES;
				CLANG_WARN_OBJC_ROOT_CLASS = YES_ERROR;
				CLANG_WARN_UNREACHABLE_CODE = YES;
				CLANG_WARN__DUPLICATE_METHOD_MATCH = YES;
				"CODE_SIGN_IDENTITY[sdk=iphoneos*]" = "iPhone Developer";
				COPY_PHASE_STRIP = NO;
				DEBUG_INFORMATION_FORMAT = "dwarf-with-dsym";
				ENABLE_NS_ASSERTIONS = NO;
				ENABLE_STRICT_OBJC_MSGSEND = YES;
				GCC_C_LANGUAGE_STANDARD = gnu99;
				GCC_NO_COMMON_BLOCKS = YES;
				GCC_WARN_64_TO_32_BIT_CONVERSION = YES;
				GCC_WARN_ABOUT_RETURN_TYPE = YES_ERROR;
				GCC_WARN_UNDECLARED_SELECTOR = YES;
				GCC_WARN_UNINITIALIZED_AUTOS = YES_AGGRESSIVE;
				GCC_WARN_UNUSED_FUNCTION = YES;
				GCC_WARN_UNUSED_VARIABLE = YES;
				IPHONEOS_DEPLOYMENT_TARGET = 9.3;
				MTL_ENABLE_DEBUG_INFO = NO;
				SDKROOT = iphoneos;
				VALIDATE_PRODUCT = YES;
			};
			name = Release;
		};
		414D08821CF0F80000D452AA /* Debug */ = {
			isa = XCBuildConfiguration;
			baseConfigurationReference = A8FF2294EE749FD3394400CE /* Pods-divide-ios.debug.xcconfig */;
			buildSettings = {
				ASSETCATALOG_COMPILER_APPICON_NAME = AppIcon;
				INFOPLIST_FILE = "divide-ios/Info.plist";
				LD_RUNPATH_SEARCH_PATHS = "$(inherited) @executable_path/Frameworks";
				PRODUCT_BUNDLE_IDENTIFIER = "org.kopatsy.divide-ios";
				PRODUCT_NAME = "$(TARGET_NAME)";
			};
			name = Debug;
		};
		414D08831CF0F80000D452AA /* Release */ = {
			isa = XCBuildConfiguration;
			baseConfigurationReference = 00C6034EEE66EC3AC8E7FD90 /* Pods-divide-ios.release.xcconfig */;
			buildSettings = {
				ASSETCATALOG_COMPILER_APPICON_NAME = AppIcon;
				INFOPLIST_FILE = "divide-ios/Info.plist";
				LD_RUNPATH_SEARCH_PATHS = "$(inherited) @executable_path/Frameworks";
				PRODUCT_BUNDLE_IDENTIFIER = "org.kopatsy.divide-ios";
				PRODUCT_NAME = "$(TARGET_NAME)";
			};
			name = Release;
		};
/* End XCBuildConfiguration section */

/* Begin XCConfigurationList section */
		414D08651CF0F80000D452AA /* Build configuration list for PBXProject "divide-ios" */ = {
			isa = XCConfigurationList;
			buildConfigurations = (
				414D087F1CF0F80000D452AA /* Debug */,
				414D08801CF0F80000D452AA /* Release */,
			);
			defaultConfigurationIsVisible = 0;
			defaultConfigurationName = Release;
		};
		414D08811CF0F80000D452AA /* Build configuration list for PBXNativeTarget "divide-ios" */ = {
			isa = XCConfigurationList;
			buildConfigurations = (
				414D08821CF0F80000D452AA /* Debug */,
				414D08831CF0F80000D452AA /* Release */,
			);
			defaultConfigurationIsVisible = 0;
			defaultConfigurationName = Release;
		};
/* End XCConfigurationList section */
	};
	rootObject = 414D08621CF0F80000D452AA /* Project object */;
}
